<?xml version="1.0" encoding="utf-8"?>
<Project ToolsVersion="4.0" xmlns="http://schemas.microsoft.com/developer/msbuild/2003">
  <ItemGroup>
    <None Include="..\..\Examples\FullSolution\SimpleDLL\SimpleDLL.bff" />
    <None Include="..\..\Examples\FullSolution\fbuild.bff" />
    <None Include="..\..\Examples\FullSolution\SecondLib\SecondLib.bff" />
    <None Include="..\..\Examples\FullSolution\MainExecutable\MainExecutable.bff" />
    <None Include="..\..\Examples\FullSolution\FirstLib\FirstLib.bff" />
    <None Include="..\..\Examples\FullSolution\CommonLib\CommonLib.bff" />
  </ItemGroup>
  <ItemGroup>
    <Image Include="..\..\Examples\FullSolution\Dependencies.jpg" />
  </ItemGroup>
  <ItemGroup>
    <Text Include="..\..\Examples\FullSolution\README.txt" />
  </ItemGroup>
</Project>