<?xml version="1.0" encoding="utf-8"?>
<Project ToolsVersion="4.0" xmlns="http://schemas.microsoft.com/developer/msbuild/2003">
  <ItemGroup>
    <Filter Include="Commands">
      <UniqueIdentifier>{222f709b-f30a-429c-8b61-aa777e4896f9}</UniqueIdentifier>
    </Filter>
    <Filter Include="Compilers">
      <UniqueIdentifier>{a5153a82-c2dd-4e86-9809-c4a8d7fe4623}</UniqueIdentifier>
    </Filter>
    <Filter Include="ProjectTemplates">
      <UniqueIdentifier>{18328cb9-296c-4437-a031-cf47266a2f8a}</UniqueIdentifier>
    </Filter>
    <Filter Include="VisualStudioTemplates">
      <UniqueIdentifier>{bffa4da0-63b2-4bb4-aa14-0d941b00e15c}</UniqueIdentifier>
    </Filter>
    <Filter Include="VisualStudioTemplates\Commands">
      <UniqueIdentifier>{a693c164-0a50-43be-955c-8b22deaf8326}</UniqueIdentifier>
    </Filter>
    <Filter Include="Compilers\DefaultLibs">
      <UniqueIdentifier>{d1ab5563-3d80-44dd-90a0-868e0114cf32}</UniqueIdentifier>
    </Filter>
  </ItemGroup>
  <ItemGroup>
    <None Include="..\Commands\AddExternalLibraries.bff">
      <Filter>Commands</Filter>
    </None>
    <None Include="..\Commands\AddExtraCompileFlags.bff">
      <Filter>Commands</Filter>
    </None>
    <None Include="..\Commands\AddExtraDefines.bff">
      <Filter>Commands</Filter>
    </None>
    <None Include="..\Commands\AddExtraLinkFlags.bff">
      <Filter>Commands</Filter>
    </None>
    <None Include="..\Commands\AddIncludePaths.bff">
      <Filter>Commands</Filter>
    </None>
    <None Include="..\Commands\AddLibraryPaths.bff">
      <Filter>Commands</Filter>
    </None>
    <None Include="..\Commands\AddTestIncludePaths.bff">
      <Filter>Commands</Filter>
    </None>
    <None Include="..\Commands\ConstructBuildDest.bff">
      <Filter>Commands</Filter>
    </None>
    <None Include="..\Compilers\DefaultLibs\LinuxDefaultLibs.bff">
      <Filter>Compilers\DefaultLibs</Filter>
    </None>
    <None Include="..\Compilers\DefaultLibs\WindowsDefaultLibs.bff">
      <Filter>Compilers\DefaultLibs</Filter>
    </None>
    <None Include="..\Compilers\ClangCompiler.bff">
      <Filter>Compilers</Filter>
    </None>
    <None Include="..\Compilers\LinuxCompiler.bff">
      <Filter>Compilers</Filter>
    </None>
    <None Include="..\Compilers\OSXCompiler.bff">
      <Filter>Compilers</Filter>
    </None>
    <None Include="..\Compilers\WindowsCompiler.bff">
      <Filter>Compilers</Filter>
    </None>
    <None Include="..\ProjectTemplates\BigDllProject.bff">
      <Filter>ProjectTemplates</Filter>
    </None>
    <None Include="..\ProjectTemplates\CUnityBuild.bff">
      <Filter>ProjectTemplates</Filter>
    </None>
    <None Include="..\ProjectTemplates\DllProject.bff">
      <Filter>ProjectTemplates</Filter>
    </None>
    <None Include="..\ProjectTemplates\DllProject_WithTest.bff">
      <Filter>ProjectTemplates</Filter>
    </None>
    <None Include="..\ProjectTemplates\ExecutableProject.bff">
      <Filter>ProjectTemplates</Filter>
    </None>
    <None Include="..\ProjectTemplates\LibCProject.bff">
      <Filter>ProjectTemplates</Filter>
    </None>
    <None Include="..\ProjectTemplates\LibCProject_WithTest.bff">
      <Filter>ProjectTemplates</Filter>
    </None>
    <None Include="..\ProjectTemplates\LibProject.bff">
      <Filter>ProjectTemplates</Filter>
    </None>
    <None Include="..\ProjectTemplates\LibProject_WithTest.bff">
      <Filter>ProjectTemplates</Filter>
    </None>
    <None Include="..\ProjectTemplates\TestExecutableProject.bff">
      <Filter>ProjectTemplates</Filter>
    </None>
    <None Include="..\ProjectTemplates\UnityBuild.bff">
      <Filter>ProjectTemplates</Filter>
    </None>
    <None Include="..\VisualStudioTemplates\VisualStudioGenBEGIN.bff">
      <Filter>VisualStudioTemplates</Filter>
    </None>
    <None Include="..\VisualStudioTemplates\VisualStudioGenEND.bff">
      <Filter>VisualStudioTemplates</Filter>
    </None>
    <None Include="..\VisualStudioTemplates\Commands\AddExtraDefines.bff">
      <Filter>VisualStudioTemplates\Commands</Filter>
    </None>
    <None Include="..\VisualStudioTemplates\Commands\AddExtraFiles.bff">
      <Filter>VisualStudioTemplates\Commands</Filter>
    </None>
    <None Include="..\VisualStudioTemplates\Commands\AddIncludePaths.bff">
      <Filter>VisualStudioTemplates\Commands</Filter>
    </None>
    <None Include="..\VisualStudioTemplates\Commands\AddProjectDependencies.bff">
      <Filter>VisualStudioTemplates\Commands</Filter>
    </None>
    <None Include="..\VisualStudioTemplates\Commands\AddTestIncludePaths.bff">
      <Filter>VisualStudioTemplates\Commands</Filter>
    </None>
    <None Include="..\VisualStudioTemplates\Commands\DefineCustomConfigs.bff">
      <Filter>VisualStudioTemplates\Commands</Filter>
    </None>
    <None Include="..\VisualStudioTemplates\VisualStudioProject.bff">
      <Filter>VisualStudioTemplates</Filter>
    </None>
    <None Include="..\VisualStudioTemplates\VisualStudioProject_WithTest.bff">
      <Filter>VisualStudioTemplates</Filter>
    </None>
    <None Include="..\AliasMaker.bff" />
    <None Include="..\Initialization.bff" />
    <None Include="..\VisualStudioTemplates\Commands\AddForcedIncludeFiles.bff">
      <Filter>VisualStudioTemplates\Commands</Filter>
    </None>
  </ItemGroup>
</Project>