
Microsoft Visual Studio Solution File, Format Version 12.00
# Visual Studio 2013
VisualStudioVersion = 12.0.31101.0
MinimumVisualStudioVersion = 10.0.40219.1
Project("{2150E333-8FDC-42A3-9474-1A3956D46DE8}") = "GenericFiles", "GenericFiles", "{33C069DF-3FED-40EB-9E83-33DD1E48DF0D}"
EndProject
Project("{2150E333-8FDC-42A3-9474-1A3956D46DE8}") = "Compilers", "Compilers", "{10D9100B-A867-4A75-B13E-05B5C8332B11}"
	ProjectSection(SolutionItems) = preProject
		..\Compilers\ClangCompiler.bff = ..\Compilers\ClangCompiler.bff
		..\Compilers\LinuxCompiler.bff = ..\Compilers\LinuxCompiler.bff
		..\Compilers\OSXCompiler.bff = ..\Compilers\OSXCompiler.bff
		..\Compilers\WindowsCompiler.bff = ..\Compilers\WindowsCompiler.bff
	EndProjectSection
EndProject
Project("{2150E333-8FDC-42A3-9474-1A3956D46DE8}") = "PreGeneratedParts", "PreGeneratedParts", "{25B2FBB8-C62B-4D2F-A69A-3F1968DEE5A1}"
	ProjectSection(SolutionItems) = preProject
		..\PreGeneratedParts\BigDllProject.bff = ..\PreGeneratedParts\BigDllProject.bff
		..\PreGeneratedParts\CUnityBuild.bff = ..\PreGeneratedParts\CUnityBuild.bff
		..\PreGeneratedParts\DllProject.bff = ..\PreGeneratedParts\DllProject.bff
		..\PreGeneratedParts\DllProject_WithTest.bff = ..\PreGeneratedParts\DllProject_WithTest.bff
		..\PreGeneratedParts\ExecutableProject.bff = ..\PreGeneratedParts\ExecutableProject.bff
		..\PreGeneratedParts\LibCProject_WithTest.bff = ..\PreGeneratedParts\LibCProject_WithTest.bff
		..\PreGeneratedParts\LibProject.bff = ..\PreGeneratedParts\LibProject.bff
		..\PreGeneratedParts\LibProject_WithTest.bff = ..\PreGeneratedParts\LibProject_WithTest.bff
		..\PreGeneratedParts\UnityBuild.bff = ..\PreGeneratedParts\UnityBuild.bff
		..\PreGeneratedParts\VisualStudioProject.bff = ..\PreGeneratedParts\VisualStudioProject.bff
		..\PreGeneratedParts\VisualStudioProject_WithTest.bff = ..\PreGeneratedParts\VisualStudioProject_WithTest.bff
	EndProjectSection
EndProject
Project("{2150E333-8FDC-42A3-9474-1A3956D46DE8}") = "DefaultLibs", "DefaultLibs", "{BC3D1C55-054A-4217-B796-42BA13B547A1}"
	ProjectSection(SolutionItems) = preProject
		..\Compilers\DefaultLibs\LinuxDefaultLibs.bff = ..\Compilers\DefaultLibs\LinuxDefaultLibs.bff
		..\Compilers\DefaultLibs\WindowsDefaultLibs.bff = ..\Compilers\DefaultLibs\WindowsDefaultLibs.bff
	EndProjectSection
EndProject
Project("{8BC9CEB8-8B4A-11D0-8D11-00A0C91BC942}") = "Code", "Code\Code.vcxproj", "{CA50E645-7C92-4DCF-9D38-720EC7CCB126}"
EndProject
Project("{8BC9CEB8-8B4A-11D0-8D11-00A0C91BC942}") = "CodeGenerateVSSolution", "CodeGenerateVSSolution\CodeGenerateVSSolution.vcxproj", "{609F25E2-F8BC-4B0F-9304-BD0DF3E3FCB2}"
EndProject
Project("{2150E333-8FDC-42A3-9474-1A3956D46DE8}") = "Tools", "Tools", "{0578E0C7-E0CE-4F38-BE65-BC1ED53EE5DE}"
	ProjectSection(SolutionItems) = preProject
		..\Architecture\Tools\AddExternalLibraries.bff = ..\Architecture\Tools\AddExternalLibraries.bff
		..\Architecture\Tools\AddExtraDefines.bff = ..\Architecture\Tools\AddExtraDefines.bff
		..\Architecture\Tools\AddIncludePaths.bff = ..\Architecture\Tools\AddIncludePaths.bff
		..\Architecture\Tools\AddLibraryPaths.bff = ..\Architecture\Tools\AddLibraryPaths.bff
		..\Architecture\Tools\AddTestIncludePaths.bff = ..\Architecture\Tools\AddTestIncludePaths.bff
		..\Architecture\Tools\AliasesMaker.bff = ..\Architecture\Tools\AliasesMaker.bff
		..\Architecture\Tools\VisualStudioGenBEGIN.bff = ..\Architecture\Tools\VisualStudioGenBEGIN.bff
		..\Architecture\Tools\VisualStudioGenEND.bff = ..\Architecture\Tools\VisualStudioGenEND.bff
	EndProjectSection
EndProject
Project("{2150E333-8FDC-42A3-9474-1A3956D46DE8}") = "Archiecture", "Archiecture", "{788E2983-C108-47E3-8F1C-EF743A35736D}"
	ProjectSection(SolutionItems) = preProject
		..\Architecture\Initialization.bff = ..\Architecture\Initialization.bff
	EndProjectSection
EndProject
Global
	GlobalSection(SolutionConfigurationPlatforms) = preSolution
		Linux|Win32 = Linux|Win32
		Windows|Win32 = Windows|Win32
	EndGlobalSection
	GlobalSection(ProjectConfigurationPlatforms) = postSolution
		{CA50E645-7C92-4DCF-9D38-720EC7CCB126}.Linux|Win32.ActiveCfg = Linux|Win32
		{CA50E645-7C92-4DCF-9D38-720EC7CCB126}.Linux|Win32.Build.0 = Linux|Win32
		{CA50E645-7C92-4DCF-9D38-720EC7CCB126}.Windows|Win32.ActiveCfg = Windows|Win32
		{CA50E645-7C92-4DCF-9D38-720EC7CCB126}.Windows|Win32.Build.0 = Windows|Win32
		{609F25E2-F8BC-4B0F-9304-BD0DF3E3FCB2}.Linux|Win32.ActiveCfg = Windows|Win32
		{609F25E2-F8BC-4B0F-9304-BD0DF3E3FCB2}.Linux|Win32.Build.0 = Windows|Win32
		{609F25E2-F8BC-4B0F-9304-BD0DF3E3FCB2}.Windows|Win32.ActiveCfg = Windows|Win32
		{609F25E2-F8BC-4B0F-9304-BD0DF3E3FCB2}.Windows|Win32.Build.0 = Windows|Win32
	EndGlobalSection
	GlobalSection(SolutionProperties) = preSolution
		HideSolutionNode = FALSE
	EndGlobalSection
	GlobalSection(NestedProjects) = preSolution
		{10D9100B-A867-4A75-B13E-05B5C8332B11} = {33C069DF-3FED-40EB-9E83-33DD1E48DF0D}
		{25B2FBB8-C62B-4D2F-A69A-3F1968DEE5A1} = {33C069DF-3FED-40EB-9E83-33DD1E48DF0D}
		{BC3D1C55-054A-4217-B796-42BA13B547A1} = {10D9100B-A867-4A75-B13E-05B5C8332B11}
		{0578E0C7-E0CE-4F38-BE65-BC1ED53EE5DE} = {788E2983-C108-47E3-8F1C-EF743A35736D}
		{788E2983-C108-47E3-8F1C-EF743A35736D} = {33C069DF-3FED-40EB-9E83-33DD1E48DF0D}
	EndGlobalSection
EndGlobal
